
Microsoft Visual Studio Solution File, Format Version 12.00
# Visual Studio Version 17
VisualStudioVersion = 17.12.35209.166
MinimumVisualStudioVersion = 10.0.40219.1
Project("{FAE04EC0-301F-11D3-BF4B-00C04F79EFBC}") = "homework1(A)", "homework1(A)\homework1(A).csproj", "{A6821A6F-A2DD-441C-A9C5-241ED9829C3E}"
EndProject
Global
	GlobalSection(SolutionConfigurationPlatforms) = preSolution
		Debug|Any CPU = Debug|Any CPU
		Release|Any CPU = Release|Any CPU
	EndGlobalSection
	GlobalSection(ProjectConfigurationPlatforms) = postSolution
		{A6821A6F-A2DD-441C-A9C5-241ED9829C3E}.Debug|Any CPU.ActiveCfg = Debug|Any CPU
		{A6821A6F-A2DD-441C-A9C5-241ED9829C3E}.Debug|Any CPU.Build.0 = Debug|Any CPU
		{A6821A6F-A2DD-441C-A9C5-241ED9829C3E}.Release|Any CPU.ActiveCfg = Release|Any CPU
		{A6821A6F-A2DD-441C-A9C5-241ED9829C3E}.Release|Any CPU.Build.0 = Release|Any CPU
	EndGlobalSection
	GlobalSection(SolutionProperties) = preSolution
		HideSolutionNode = FALSE
	EndGlobalSection
	GlobalSection(ExtensibilityGlobals) = postSolution
		SolutionGuid = {A34CE5E1-F9A5-46C6-995A-B7DB19F8D625}
	EndGlobalSection
EndGlobal
