
Microsoft Visual Studio Solution File, Format Version 12.00
# Visual Studio Version 17
VisualStudioVersion = 17.12.35309.182
MinimumVisualStudioVersion = 10.0.40219.1
Project("{FAE04EC0-301F-11D3-BF4B-00C04F79EFBC}") = "homework7", "homework7\homework7.csproj", "{6395CF44-12D9-4DE2-8928-5A4D0E9E042F}"
EndProject
Global
	GlobalSection(SolutionConfigurationPlatforms) = preSolution
		Debug|Any CPU = Debug|Any CPU
		Release|Any CPU = Release|Any CPU
	EndGlobalSection
	GlobalSection(ProjectConfigurationPlatforms) = postSolution
		{6395CF44-12D9-4DE2-8928-5A4D0E9E042F}.Debug|Any CPU.ActiveCfg = Debug|Any CPU
		{6395CF44-12D9-4DE2-8928-5A4D0E9E042F}.Debug|Any CPU.Build.0 = Debug|Any CPU
		{6395CF44-12D9-4DE2-8928-5A4D0E9E042F}.Release|Any CPU.ActiveCfg = Release|Any CPU
		{6395CF44-12D9-4DE2-8928-5A4D0E9E042F}.Release|Any CPU.Build.0 = Release|Any CPU
	EndGlobalSection
	GlobalSection(SolutionProperties) = preSolution
		HideSolutionNode = FALSE
	EndGlobalSection
	GlobalSection(ExtensibilityGlobals) = postSolution
		SolutionGuid = {6E1FFBF8-A58E-42BA-8168-11657B1FE4F4}
	EndGlobalSection
EndGlobal
